
Microsoft Visual Studio Solution File, Format Version 12.00
# Visual Studio Version 17
VisualStudioVersion = 17.7.34009.444
MinimumVisualStudioVersion = 10.0.40219.1
Project("{9A19103F-16F7-4668-BE54-9A1E7A4F7556}") = "HD_AccesoDatos", "HD_AccesoDatos\HD_AccesoDatos.csproj", "{C6569143-AD4B-4C60-AC73-B11B905DA4F8}"
EndProject
Project("{9A19103F-16F7-4668-BE54-9A1E7A4F7556}") = "HD_Generales", "HD_Generales\HD_Generales.csproj", "{A8FCA652-44E8-4C4F-9BC0-72B89FF20A1E}"
EndProject
Project("{9A19103F-16F7-4668-BE54-9A1E7A4F7556}") = "HD_Security", "HD_Security\HD_Security.csproj", "{0F559E78-B41C-45AA-85CE-352B8037D4B4}"
EndProject
Project("{9A19103F-16F7-4668-BE54-9A1E7A4F7556}") = "HD_Fiscal", "HD_Fiscal\HD_Fiscal.csproj", "{26A0A4BC-A132-4FBA-8343-F21EF38CF98B}"
EndProject
Project("{9A19103F-16F7-4668-BE54-9A1E7A4F7556}") = "HD_Clientes", "HD_Clientes\HD_Clientes.csproj", "{834C809E-AEBA-4F10-9B35-AEDFD20BAF62}"
EndProject
Project("{9A19103F-16F7-4668-BE54-9A1E7A4F7556}") = "HD_Notifications", "HD_Notifications\HD_Notifications.csproj", "{70F132A2-D20F-45C5-970E-D0CF0AF1D221}"
EndProject
Project("{9A19103F-16F7-4668-BE54-9A1E7A4F7556}") = "HD_Endpoints", "HD_Endpoints\HD_Endpoints.csproj", "{29244661-4665-4854-8301-BF770E204619}"
EndProject
Project("{9A19103F-16F7-4668-BE54-9A1E7A4F7556}") = "HD_Dashboard", "HD_Dashboard\HD_Dashboard.csproj", "{DF279170-C696-4725-ADB9-483BC0BB7F90}"
EndProject
Project("{9A19103F-16F7-4668-BE54-9A1E7A4F7556}") = "HD_Cobranza", "HD_Cobranza\HD_Cobranza.csproj", "{F17E32E9-EAEB-4C79-91E1-976CAE795D85}"
EndProject
Project("{FAE04EC0-301F-11D3-BF4B-00C04F79EFBC}") = "HD_Reporteria", "HD_Reporteria\HD_Reporteria.csproj", "{535304FF-AB7A-42A7-9761-25C54F403B71}"
EndProject
Global
	GlobalSection(SolutionConfigurationPlatforms) = preSolution
		Debug|Any CPU = Debug|Any CPU
		Release|Any CPU = Release|Any CPU
	EndGlobalSection
	GlobalSection(ProjectConfigurationPlatforms) = postSolution
		{C6569143-AD4B-4C60-AC73-B11B905DA4F8}.Debug|Any CPU.ActiveCfg = Debug|Any CPU
		{C6569143-AD4B-4C60-AC73-B11B905DA4F8}.Debug|Any CPU.Build.0 = Debug|Any CPU
		{C6569143-AD4B-4C60-AC73-B11B905DA4F8}.Release|Any CPU.ActiveCfg = Release|Any CPU
		{C6569143-AD4B-4C60-AC73-B11B905DA4F8}.Release|Any CPU.Build.0 = Release|Any CPU
		{A8FCA652-44E8-4C4F-9BC0-72B89FF20A1E}.Debug|Any CPU.ActiveCfg = Debug|Any CPU
		{A8FCA652-44E8-4C4F-9BC0-72B89FF20A1E}.Debug|Any CPU.Build.0 = Debug|Any CPU
		{A8FCA652-44E8-4C4F-9BC0-72B89FF20A1E}.Release|Any CPU.ActiveCfg = Release|Any CPU
		{A8FCA652-44E8-4C4F-9BC0-72B89FF20A1E}.Release|Any CPU.Build.0 = Release|Any CPU
		{0F559E78-B41C-45AA-85CE-352B8037D4B4}.Debug|Any CPU.ActiveCfg = Debug|Any CPU
		{0F559E78-B41C-45AA-85CE-352B8037D4B4}.Debug|Any CPU.Build.0 = Debug|Any CPU
		{0F559E78-B41C-45AA-85CE-352B8037D4B4}.Release|Any CPU.ActiveCfg = Release|Any CPU
		{0F559E78-B41C-45AA-85CE-352B8037D4B4}.Release|Any CPU.Build.0 = Release|Any CPU
		{26A0A4BC-A132-4FBA-8343-F21EF38CF98B}.Debug|Any CPU.ActiveCfg = Debug|Any CPU
		{26A0A4BC-A132-4FBA-8343-F21EF38CF98B}.Debug|Any CPU.Build.0 = Debug|Any CPU
		{26A0A4BC-A132-4FBA-8343-F21EF38CF98B}.Release|Any CPU.ActiveCfg = Release|Any CPU
		{26A0A4BC-A132-4FBA-8343-F21EF38CF98B}.Release|Any CPU.Build.0 = Release|Any CPU
		{834C809E-AEBA-4F10-9B35-AEDFD20BAF62}.Debug|Any CPU.ActiveCfg = Debug|Any CPU
		{834C809E-AEBA-4F10-9B35-AEDFD20BAF62}.Debug|Any CPU.Build.0 = Debug|Any CPU
		{834C809E-AEBA-4F10-9B35-AEDFD20BAF62}.Release|Any CPU.ActiveCfg = Release|Any CPU
		{834C809E-AEBA-4F10-9B35-AEDFD20BAF62}.Release|Any CPU.Build.0 = Release|Any CPU
		{70F132A2-D20F-45C5-970E-D0CF0AF1D221}.Debug|Any CPU.ActiveCfg = Debug|Any CPU
		{70F132A2-D20F-45C5-970E-D0CF0AF1D221}.Debug|Any CPU.Build.0 = Debug|Any CPU
		{70F132A2-D20F-45C5-970E-D0CF0AF1D221}.Release|Any CPU.ActiveCfg = Release|Any CPU
		{70F132A2-D20F-45C5-970E-D0CF0AF1D221}.Release|Any CPU.Build.0 = Release|Any CPU
		{29244661-4665-4854-8301-BF770E204619}.Debug|Any CPU.ActiveCfg = Debug|Any CPU
		{29244661-4665-4854-8301-BF770E204619}.Debug|Any CPU.Build.0 = Debug|Any CPU
		{29244661-4665-4854-8301-BF770E204619}.Release|Any CPU.ActiveCfg = Release|Any CPU
		{29244661-4665-4854-8301-BF770E204619}.Release|Any CPU.Build.0 = Release|Any CPU
		{DF279170-C696-4725-ADB9-483BC0BB7F90}.Debug|Any CPU.ActiveCfg = Debug|Any CPU
		{DF279170-C696-4725-ADB9-483BC0BB7F90}.Debug|Any CPU.Build.0 = Debug|Any CPU
		{DF279170-C696-4725-ADB9-483BC0BB7F90}.Release|Any CPU.ActiveCfg = Release|Any CPU
		{DF279170-C696-4725-ADB9-483BC0BB7F90}.Release|Any CPU.Build.0 = Release|Any CPU
		{F17E32E9-EAEB-4C79-91E1-976CAE795D85}.Debug|Any CPU.ActiveCfg = Debug|Any CPU
		{F17E32E9-EAEB-4C79-91E1-976CAE795D85}.Debug|Any CPU.Build.0 = Debug|Any CPU
		{F17E32E9-EAEB-4C79-91E1-976CAE795D85}.Release|Any CPU.ActiveCfg = Release|Any CPU
		{F17E32E9-EAEB-4C79-91E1-976CAE795D85}.Release|Any CPU.Build.0 = Release|Any CPU
		{535304FF-AB7A-42A7-9761-25C54F403B71}.Debug|Any CPU.ActiveCfg = Debug|Any CPU
		{535304FF-AB7A-42A7-9761-25C54F403B71}.Debug|Any CPU.Build.0 = Debug|Any CPU
		{535304FF-AB7A-42A7-9761-25C54F403B71}.Release|Any CPU.ActiveCfg = Release|Any CPU
		{535304FF-AB7A-42A7-9761-25C54F403B71}.Release|Any CPU.Build.0 = Release|Any CPU
	EndGlobalSection
	GlobalSection(SolutionProperties) = preSolution
		HideSolutionNode = FALSE
	EndGlobalSection
	GlobalSection(ExtensibilityGlobals) = postSolution
		SolutionGuid = {0291C993-345A-42D1-849B-D23D5F1FE554}
	EndGlobalSection
EndGlobal
