
Microsoft Visual Studio Solution File, Format Version 12.00
# Visual Studio Version 16
VisualStudioVersion = 16.0.32126.315
MinimumVisualStudioVersion = 10.0.40219.1
Project("{FAE04EC0-301F-11D3-BF4B-00C04F79EFBC}") = "HDSecurity", "HDSecurity\HDSecurity.csproj", "{93A24A11-F3B1-4376-8F23-09D5B76F7AD3}"
EndProject
Project("{FAE04EC0-301F-11D3-BF4B-00C04F79EFBC}") = "HDEndpoints", "HDEndpoints\HDEndpoints.csproj", "{9B931267-1D5D-46B8-9FAE-D6C5E4DCDEB2}"
EndProject
Project("{FAE04EC0-301F-11D3-BF4B-00C04F79EFBC}") = "HDNotificacionesEmail", "HDNotificacionesEmail\HDNotificacionesEmail.csproj", "{B4F54083-21CF-4D2D-AB01-B6E36BA9D06D}"
EndProject
Project("{FAE04EC0-301F-11D3-BF4B-00C04F79EFBC}") = "HD_Fiscal", "HD_Fiscal\HD_Fiscal.csproj", "{215BC8C5-8880-4DBA-8DCD-5826F5ADF49F}"
EndProject
Project("{FAE04EC0-301F-11D3-BF4B-00C04F79EFBC}") = "HD_Generales", "HD_Generales\HD_Generales.csproj", "{23DABE61-2406-49E0-8C4C-34CE191ED7FA}"
EndProject
Project("{FAE04EC0-301F-11D3-BF4B-00C04F79EFBC}") = "HD_AccesoDatos", "HD_AccesoDatos\HD_AccesoDatos.csproj", "{96BA9FFB-6915-4A9D-A197-FCC7B30ECAD0}"
EndProject
Global
	GlobalSection(SolutionConfigurationPlatforms) = preSolution
		Debug|Any CPU = Debug|Any CPU
		Release|Any CPU = Release|Any CPU
	EndGlobalSection
	GlobalSection(ProjectConfigurationPlatforms) = postSolution
		{93A24A11-F3B1-4376-8F23-09D5B76F7AD3}.Debug|Any CPU.ActiveCfg = Debug|Any CPU
		{93A24A11-F3B1-4376-8F23-09D5B76F7AD3}.Debug|Any CPU.Build.0 = Debug|Any CPU
		{93A24A11-F3B1-4376-8F23-09D5B76F7AD3}.Release|Any CPU.ActiveCfg = Release|Any CPU
		{93A24A11-F3B1-4376-8F23-09D5B76F7AD3}.Release|Any CPU.Build.0 = Release|Any CPU
		{9B931267-1D5D-46B8-9FAE-D6C5E4DCDEB2}.Debug|Any CPU.ActiveCfg = Debug|Any CPU
		{9B931267-1D5D-46B8-9FAE-D6C5E4DCDEB2}.Debug|Any CPU.Build.0 = Debug|Any CPU
		{9B931267-1D5D-46B8-9FAE-D6C5E4DCDEB2}.Release|Any CPU.ActiveCfg = Release|Any CPU
		{9B931267-1D5D-46B8-9FAE-D6C5E4DCDEB2}.Release|Any CPU.Build.0 = Release|Any CPU
		{B4F54083-21CF-4D2D-AB01-B6E36BA9D06D}.Debug|Any CPU.ActiveCfg = Debug|Any CPU
		{B4F54083-21CF-4D2D-AB01-B6E36BA9D06D}.Debug|Any CPU.Build.0 = Debug|Any CPU
		{B4F54083-21CF-4D2D-AB01-B6E36BA9D06D}.Release|Any CPU.ActiveCfg = Release|Any CPU
		{B4F54083-21CF-4D2D-AB01-B6E36BA9D06D}.Release|Any CPU.Build.0 = Release|Any CPU
		{215BC8C5-8880-4DBA-8DCD-5826F5ADF49F}.Debug|Any CPU.ActiveCfg = Debug|Any CPU
		{215BC8C5-8880-4DBA-8DCD-5826F5ADF49F}.Debug|Any CPU.Build.0 = Debug|Any CPU
		{215BC8C5-8880-4DBA-8DCD-5826F5ADF49F}.Release|Any CPU.ActiveCfg = Release|Any CPU
		{215BC8C5-8880-4DBA-8DCD-5826F5ADF49F}.Release|Any CPU.Build.0 = Release|Any CPU
		{23DABE61-2406-49E0-8C4C-34CE191ED7FA}.Debug|Any CPU.ActiveCfg = Debug|Any CPU
		{23DABE61-2406-49E0-8C4C-34CE191ED7FA}.Debug|Any CPU.Build.0 = Debug|Any CPU
		{23DABE61-2406-49E0-8C4C-34CE191ED7FA}.Release|Any CPU.ActiveCfg = Release|Any CPU
		{23DABE61-2406-49E0-8C4C-34CE191ED7FA}.Release|Any CPU.Build.0 = Release|Any CPU
		{96BA9FFB-6915-4A9D-A197-FCC7B30ECAD0}.Debug|Any CPU.ActiveCfg = Debug|Any CPU
		{96BA9FFB-6915-4A9D-A197-FCC7B30ECAD0}.Debug|Any CPU.Build.0 = Debug|Any CPU
		{96BA9FFB-6915-4A9D-A197-FCC7B30ECAD0}.Release|Any CPU.ActiveCfg = Release|Any CPU
		{96BA9FFB-6915-4A9D-A197-FCC7B30ECAD0}.Release|Any CPU.Build.0 = Release|Any CPU
	EndGlobalSection
	GlobalSection(SolutionProperties) = preSolution
		HideSolutionNode = FALSE
	EndGlobalSection
	GlobalSection(ExtensibilityGlobals) = postSolution
		SolutionGuid = {F09D8157-4759-4B1A-8B1B-72EA6363F0A4}
	EndGlobalSection
EndGlobal
